
Microsoft Visual Studio Solution File, Format Version 12.00
# Visual Studio Version 17
VisualStudioVersion = 17.6.33815.320
MinimumVisualStudioVersion = 10.0.40219.1
Project("{FAE04EC0-301F-11D3-BF4B-00C04F79EFBC}") = "ху-8(ДВ)", "ху-8(ДВ)\ху-8(ДВ).csproj", "{4BD2CFFE-D931-4BBB-BE77-88B28B3C23EB}"
EndProject
Global
	GlobalSection(SolutionConfigurationPlatforms) = preSolution
		Debug|Any CPU = Debug|Any CPU
		Release|Any CPU = Release|Any CPU
	EndGlobalSection
	GlobalSection(ProjectConfigurationPlatforms) = postSolution
		{4BD2CFFE-D931-4BBB-BE77-88B28B3C23EB}.Debug|Any CPU.ActiveCfg = Debug|Any CPU
		{4BD2CFFE-D931-4BBB-BE77-88B28B3C23EB}.Debug|Any CPU.Build.0 = Debug|Any CPU
		{4BD2CFFE-D931-4BBB-BE77-88B28B3C23EB}.Release|Any CPU.ActiveCfg = Release|Any CPU
		{4BD2CFFE-D931-4BBB-BE77-88B28B3C23EB}.Release|Any CPU.Build.0 = Release|Any CPU
	EndGlobalSection
	GlobalSection(SolutionProperties) = preSolution
		HideSolutionNode = FALSE
	EndGlobalSection
	GlobalSection(ExtensibilityGlobals) = postSolution
		SolutionGuid = {59DA94FA-99FF-4895-81A1-F8E95B70E271}
	EndGlobalSection
EndGlobal
